{
  "lockfileVersion": 1,
  "workspaces": {
    "": {
      "name": "matp",
      "dependencies": {
        "@arcmantle/reflect-metadata": "^1.0.4",
        "@minecraft/debug-utilities": "^1.0.0-beta.1.20.70-preview.20",
        "@minecraft/server": "^2.2.0",
        "@noble/ciphers": "^2.0.1",
        "@noble/hashes": "1.4.0",
        "@noble/secp256k1": "^3.0.0",
        "@stablelib/random": "^2.0.1",
        "@types/chance": "^1.1.7",
        "base32768": "^5.0.0",
        "cbor": "^10.0.11",
        "cbor-x": "^1.6.0",
        "cbor2": "^2.0.1",
        "eventemitter3": "^5.0.1",
        "fasq": "^0.0.1",
        "fast-text-encoding": "^1.0.6",
        "mpmc": "^0.4.0",
        "neverthrow": "^8.2.0",
        "purify-ts": "^2.1.2",
        "text-encoding": "^0.7.0",
        "text-encoding-polyfill": "^0.6.7",
        "yocto-queue": "^1.2.1",
      },
      "devDependencies": {
        "@types/bun": "latest",
      },
      "peerDependencies": {
        "typescript": "^5",
      },
    },
  },
  "packages": {
    "@arcmantle/reflect-metadata": ["@arcmantle/reflect-metadata@1.0.4", "", {}, "sha512-0mRvQ5Tz/QTmwfHPfkzznEtZzmb7dbHlDR9qqCRz4vx9aUHmYgD6YwPhQrzJWPG5w9yWwdj4ofwwKe2azIgp+g=="],

    "@cbor-extract/cbor-extract-darwin-arm64": ["@cbor-extract/cbor-extract-darwin-arm64@2.2.0", "", { "os": "darwin", "cpu": "arm64" }, "sha512-P7swiOAdF7aSi0H+tHtHtr6zrpF3aAq/W9FXx5HektRvLTM2O89xCyXF3pk7pLc7QpaY7AoaE8UowVf9QBdh3w=="],

    "@cbor-extract/cbor-extract-darwin-x64": ["@cbor-extract/cbor-extract-darwin-x64@2.2.0", "", { "os": "darwin", "cpu": "x64" }, "sha512-1liF6fgowph0JxBbYnAS7ZlqNYLf000Qnj4KjqPNW4GViKrEql2MgZnAsExhY9LSy8dnvA4C0qHEBgPrll0z0w=="],

    "@cbor-extract/cbor-extract-linux-arm": ["@cbor-extract/cbor-extract-linux-arm@2.2.0", "", { "os": "linux", "cpu": "arm" }, "sha512-QeBcBXk964zOytiedMPQNZr7sg0TNavZeuUCD6ON4vEOU/25+pLhNN6EDIKJ9VLTKaZ7K7EaAriyYQ1NQ05s/Q=="],

    "@cbor-extract/cbor-extract-linux-arm64": ["@cbor-extract/cbor-extract-linux-arm64@2.2.0", "", { "os": "linux", "cpu": "arm64" }, "sha512-rQvhNmDuhjTVXSPFLolmQ47/ydGOFXtbR7+wgkSY0bdOxCFept1hvg59uiLPT2fVDuJFuEy16EImo5tE2x3RsQ=="],

    "@cbor-extract/cbor-extract-linux-x64": ["@cbor-extract/cbor-extract-linux-x64@2.2.0", "", { "os": "linux", "cpu": "x64" }, "sha512-cWLAWtT3kNLHSvP4RKDzSTX9o0wvQEEAj4SKvhWuOVZxiDAeQazr9A+PSiRILK1VYMLeDml89ohxCnUNQNQNCw=="],

    "@cbor-extract/cbor-extract-win32-x64": ["@cbor-extract/cbor-extract-win32-x64@2.2.0", "", { "os": "win32", "cpu": "x64" }, "sha512-l2M+Z8DO2vbvADOBNLbbh9y5ST1RY5sqkWOg/58GkUPBYou/cuNZ68SGQ644f1CvZ8kcOxyZtw06+dxWHIoN/w=="],

    "@cto.af/wtf8": ["@cto.af/wtf8@0.0.2", "", {}, "sha512-ATm4UQiKrdm5GnU6BvIwUDN+LDEtt23zuzKFpnfDT59ULAd0aMYm/nSFzbSO02garLcXumRC13PzNfa7BsfvSg=="],

    "@minecraft/common": ["@minecraft/common@1.2.0", "", {}, "sha512-JdmEq4P3Z/FtoBzhLijFgMSVFnFRrUoLwY8DHHrgtFo0mfLTOLTB1RErYjLMsA6b7BGVNxkX/pfFRiH7QZ0XwQ=="],

    "@minecraft/debug-utilities": ["@minecraft/debug-utilities@1.0.0-beta.1.20.70-preview.20", "", { "dependencies": { "@minecraft/common": "^1.0.0", "@minecraft/server": "^1.8.0-rc.1.20.70-preview.20" } }, "sha512-NbTTu1Fc9o6OnXDWXAF8wCaOwHtq9lP/6Qz4A/rS3voamJGm/3zDCY0z7naZfdRG3nobwfnZaQE0EKQGJUSgxw=="],

    "@minecraft/server": ["@minecraft/server@2.2.0", "", { "peerDependencies": { "@minecraft/common": "^1.2.0", "@minecraft/vanilla-data": ">=1.20.70" } }, "sha512-Tn+Sr7IK71LptVOumTSWWXpjYgCqgCCwB8BosnU1fUltJV3JsNTnRtQMHlzQwSDGwTF0P0HJFhDALoOMlG/j2Q=="],

    "@minecraft/vanilla-data": ["@minecraft/vanilla-data@1.21.113", "", {}, "sha512-+xC9c+uCoNmsMx2HkrPB7k9uOmk+rKM+CSSlOWo1hrwg27s5B+a4cDcXu3y3D24ZQDHf2MlMOskmz+qc0uW49Q=="],

    "@noble/ciphers": ["@noble/ciphers@2.0.1", "", {}, "sha512-xHK3XHPUW8DTAobU+G0XT+/w+JLM7/8k1UFdB5xg/zTFPnFCobhftzw8wl4Lw2aq/Rvir5pxfZV5fEazmeCJ2g=="],

    "@noble/hashes": ["@noble/hashes@1.4.0", "", {}, "sha512-V1JJ1WTRUqHHrOSh597hURcMqVKVGL/ea3kv0gSnEdsEZ0/+VyPghM1lMNGc00z7CIQorSvbKpuJkxvuHbvdbg=="],

    "@noble/secp256k1": ["@noble/secp256k1@3.0.0", "", {}, "sha512-NJBaR352KyIvj3t6sgT/+7xrNyF9Xk9QlLSIqUGVUYlsnDTAUqY8LOmwpcgEx4AMJXRITQ5XEVHD+mMaPfr3mg=="],

    "@rollup/rollup-linux-x64-gnu": ["@rollup/rollup-linux-x64-gnu@4.52.0", "", { "os": "linux", "cpu": "x64" }, "sha512-nmSVN+F2i1yKZ7rJNKO3G7ZzmxJgoQBQZ/6c4MuS553Grmr7WqR7LLDcYG53Z2m9409z3JLt4sCOhLdbKQ3HmA=="],

    "@stablelib/binary": ["@stablelib/binary@2.0.1", "", { "dependencies": { "@stablelib/int": "^2.0.1" } }, "sha512-U9iAO8lXgEDONsA0zPPSgcf3HUBNAqHiJmSHgZz62OvC3Hi2Bhc5kTnQ3S1/L+sthDTHtCMhcEiklmIly6uQ3w=="],

    "@stablelib/int": ["@stablelib/int@2.0.1", "", {}, "sha512-Ht63fQp3wz/F8U4AlXEPb7hfJOIILs8Lq55jgtD7KueWtyjhVuzcsGLSTAWtZs3XJDZYdF1WcSKn+kBtbzupww=="],

    "@stablelib/random": ["@stablelib/random@2.0.1", "", { "dependencies": { "@stablelib/binary": "^2.0.1", "@stablelib/wipe": "^2.0.1" } }, "sha512-W6GAtXEEs7r+dSbuBsvoFmlyL3gLxle41tQkjKu17dDWtDdjhVUbtRfRCQcCUeczwkgjQxMPopgwYEvxXtHXGw=="],

    "@stablelib/wipe": ["@stablelib/wipe@2.0.1", "", {}, "sha512-1eU2K9EgOcV4qc9jcP6G72xxZxEm5PfeI5H55l08W95b4oRJaqhmlWRc4xZAm6IVSKhVNxMi66V67hCzzuMTAg=="],

    "@types/bun": ["@types/bun@1.2.22", "", { "dependencies": { "bun-types": "1.2.22" } }, "sha512-5A/KrKos2ZcN0c6ljRSOa1fYIyCKhZfIVYeuyb4snnvomnpFqC0tTsEkdqNxbAgExV384OETQ//WAjl3XbYqQA=="],

    "@types/chance": ["@types/chance@1.1.7", "", {}, "sha512-40you9610GTQPJyvjMBgmj9wiDO6qXhbfjizNYod/fmvLSfUUxURAJMTD8tjmbcZSsyYE5iEUox61AAcCjW/wQ=="],

    "@types/json-schema": ["@types/json-schema@7.0.15", "", {}, "sha512-5+fP8P8MFNC+AyZCDxrB2pkZFPGzqQWUzpSeuuVLvm8VMcorNYavBqoFcxK8bQz4Qsbn4oUEEem4wDLfcysGHA=="],

    "@types/node": ["@types/node@24.5.2", "", { "dependencies": { "undici-types": "~7.12.0" } }, "sha512-FYxk1I7wPv3K2XBaoyH2cTnocQEu8AOZ60hPbsyukMPLv5/5qr7V1i8PLHdl6Zf87I+xZXFvPCXYjiTFq+YSDQ=="],

    "@types/react": ["@types/react@19.1.13", "", { "dependencies": { "csstype": "^3.0.2" } }, "sha512-hHkbU/eoO3EG5/MZkuFSKmYqPbSVk5byPFa3e7y/8TybHiLMACgI8seVYlicwk7H5K/rI2px9xrQp/C+AUDTiQ=="],

    "base32768": ["base32768@5.0.0", "", {}, "sha512-51l4CRkWv/4K4E3HSlwMGfpnOCRwAlw7h7qaqgfDrQIzDhOvWDUm60wbhQDHSUetRoB+qfsPOwFFcSla8Pd0vQ=="],

    "bun-types": ["bun-types@1.2.22", "", { "dependencies": { "@types/node": "*" }, "peerDependencies": { "@types/react": "^19" } }, "sha512-hwaAu8tct/Zn6Zft4U9BsZcXkYomzpHJX28ofvx7k0Zz2HNz54n1n+tDgxoWFGB4PcFvJXJQloPhaV2eP3Q6EA=="],

    "cbor": ["cbor@10.0.11", "", { "dependencies": { "nofilter": "^3.0.2" } }, "sha512-vIwORDd/WyB8Nc23o2zNN5RrtFGlR6Fca61TtjkUXueI3Jf2DOZDl1zsshvBntZ3wZHBM9ztjnkXSmzQDaq3WA=="],

    "cbor-extract": ["cbor-extract@2.2.0", "", { "dependencies": { "node-gyp-build-optional-packages": "5.1.1" }, "optionalDependencies": { "@cbor-extract/cbor-extract-darwin-arm64": "2.2.0", "@cbor-extract/cbor-extract-darwin-x64": "2.2.0", "@cbor-extract/cbor-extract-linux-arm": "2.2.0", "@cbor-extract/cbor-extract-linux-arm64": "2.2.0", "@cbor-extract/cbor-extract-linux-x64": "2.2.0", "@cbor-extract/cbor-extract-win32-x64": "2.2.0" }, "bin": { "download-cbor-prebuilds": "bin/download-prebuilds.js" } }, "sha512-Ig1zM66BjLfTXpNgKpvBePq271BPOvu8MR0Jl080yG7Jsl+wAZunfrwiwA+9ruzm/WEdIV5QF/bjDZTqyAIVHA=="],

    "cbor-x": ["cbor-x@1.6.0", "", { "optionalDependencies": { "cbor-extract": "^2.2.0" } }, "sha512-0kareyRwHSkL6ws5VXHEf8uY1liitysCVJjlmhaLG+IXLqhSaOO+t63coaso7yjwEzWZzLy8fJo06gZDVQM9Qg=="],

    "cbor2": ["cbor2@2.0.1", "", { "dependencies": { "@cto.af/wtf8": "0.0.2" } }, "sha512-9bE8+tueGxONyxpttNKkAKKcGVtAPeoSJ64AjVTTjEuBOuRaeeP76EN9BbmQqkz1ZeTP0QPvksNBKwvEutIUzQ=="],

    "csstype": ["csstype@3.1.3", "", {}, "sha512-M1uQkMl8rQK/szD0LNhtqxIPLpimGm8sOBwU7lLnCpSbTyY3yeU1Vc7l4KT5zT4s/yOxHH5O7tIuuLOCnLADRw=="],

    "detect-libc": ["detect-libc@2.1.2", "", {}, "sha512-Btj2BOOO83o3WyH59e8MgXsxEQVcarkUOpEYrubB0urwnN10yQ364rsiByU11nZlqWYZm05i/of7io4mzihBtQ=="],

    "eventemitter3": ["eventemitter3@5.0.1", "", {}, "sha512-GWkBvjiSZK87ELrYOSESUYeVIc9mvLLf/nXalMOS5dYrgZq9o5OVkbZAVM06CVxYsCwH9BDZFPlQTlPA1j4ahA=="],

    "fasq": ["fasq@0.0.1", "", {}, "sha512-cEAJwNZ+N00X1AlfgRdJ05FxYDmtGYoKQ9SPu6m5Mh3TLeEhMY/jsn2uSXnOEDikI/bzNm/skXoucCAfBw3PUw=="],

    "fast-text-encoding": ["fast-text-encoding@1.0.6", "", {}, "sha512-VhXlQgj9ioXCqGstD37E/HBeqEGV/qOD/kmbVG8h5xKBYvM1L3lR1Zn4555cQ8GkYbJa8aJSipLPndE1k6zK2w=="],

    "mpmc": ["mpmc@0.4.0", "", {}, "sha512-761ZPaUJN6NsHXRRB40EJ4BaATF0xfmxxygrl5IYUEFLV7MptUm3AwmFtLQzVGkYqPbQRRcN0EPkOrr5jsvJxg=="],

    "neverthrow": ["neverthrow@8.2.0", "", { "optionalDependencies": { "@rollup/rollup-linux-x64-gnu": "^4.24.0" } }, "sha512-kOCT/1MCPAxY5iUV3wytNFUMUolzuwd/VF/1KCx7kf6CutrOsTie+84zTGTpgQycjvfLdBBdvBvFLqFD2c0wkQ=="],

    "node-gyp-build-optional-packages": ["node-gyp-build-optional-packages@5.1.1", "", { "dependencies": { "detect-libc": "^2.0.1" }, "bin": { "node-gyp-build-optional-packages": "bin.js", "node-gyp-build-optional-packages-test": "build-test.js", "node-gyp-build-optional-packages-optional": "optional.js" } }, "sha512-+P72GAjVAbTxjjwUmwjVrqrdZROD4nf8KgpBoDxqXXTiYZZt/ud60dE5yvCSr9lRO8e8yv6kgJIC0K0PfZFVQw=="],

    "nofilter": ["nofilter@3.1.0", "", {}, "sha512-l2NNj07e9afPnhAhvgVrCD/oy2Ai1yfLpuo3EpiO1jFTsB4sFz6oIfAfSZyQzVpkZQ9xS8ZS5g1jCBgq4Hwo0g=="],

    "purify-ts": ["purify-ts@2.1.2", "", { "dependencies": { "@types/json-schema": "7.0.15" } }, "sha512-v9RnHfoxZJZt5PeZork6zErRwYnGKxUiO7wk+NqPnJcG7AKjt97ut41WbGRMSUuMBexrXZsVNePSMcO9qPHODQ=="],

    "text-encoding": ["text-encoding@0.7.0", "", {}, "sha512-oJQ3f1hrOnbRLOcwKz0Liq2IcrvDeZRHXhd9RgLrsT+DjWY/nty1Hi7v3dtkaEYbPYe0mUoOfzRrMwfXXwgPUA=="],

    "text-encoding-polyfill": ["text-encoding-polyfill@0.6.7", "", {}, "sha512-/DZ1XJqhbqRkCop6s9ZFu8JrFRwmVuHg4quIRm+ziFkR3N3ec6ck6yBvJ1GYeEQZhLVwRW0rZE+C3SSJpy0RTg=="],

    "typescript": ["typescript@5.9.2", "", { "bin": { "tsc": "bin/tsc", "tsserver": "bin/tsserver" } }, "sha512-CWBzXQrc/qOkhidw1OzBTQuYRbfyxDXJMVJ1XNwUHGROVmuaeiEm3OslpZ1RV96d7SKKjZKrSJu3+t/xlw3R9A=="],

    "undici-types": ["undici-types@7.12.0", "", {}, "sha512-goOacqME2GYyOZZfb5Lgtu+1IDmAlAEu5xnD3+xTzS10hT0vzpf0SPjkXwAw9Jm+4n/mQGDP3LO8CPbYROeBfQ=="],

    "yocto-queue": ["yocto-queue@1.2.1", "", {}, "sha512-AyeEbWOu/TAXdxlV9wmGcR0+yh2j3vYPGOECcIj2S7MkrLyC7ne+oye2BKTItt0ii2PHk4cDy+95+LshzbXnGg=="],

    "@minecraft/debug-utilities/@minecraft/server": ["@minecraft/server@1.19.0", "", { "dependencies": { "@minecraft/common": "^1.1.0" }, "peerDependencies": { "@minecraft/vanilla-data": ">=1.20.70" } }, "sha512-Nq42tLYRcH8AIxpBq1F9/sXia75Vp7k7SXnV+t+yaFNKHwE7LZIfJ3TSbQ4THWTbf1VjwnbSUfJ0qVb3aTDCug=="],
  }
}
